<?xml version="1.0" encoding="UTF-8" standalone="yes" ?>
<CodeBlocks_project_file>
	<FileVersion major="1" minor="6" />
	<Project>
		<Option title="linwarrior" />
		<Option makefile_is_custom="1" />
		<Option pch_mode="2" />
		<Option compiler="null" />
		<Build>
			<Target title="all">
				<Option output="linwarrior-w-nomouse" prefix_auto="1" extension_auto="1" />
				<Option object_output="obj/Release/" />
				<Option type="1" />
				<Option compiler="gcc" />
				<MakeCommands>
					<Build command="$make -f $makefile all" />
					<CompileFile command="$make -f $makefile $file" />
					<Clean command="$make -f $makefile clean" />
					<DistClean command="$make -f $makefile distclean$target" />
					<AskRebuildNeeded command="$make -q -f $makefile all" />
					<SilentBuild command="$make -f $makefile all &gt; $(CMD_NULL)" />
				</MakeCommands>
			</Target>
		</Build>
		<Unit filename="source/de/hackcraft/Main.cpp" />
		<Unit filename="source/de/hackcraft/Main.h" />
		<Unit filename="source/de/hackcraft/app/Activity.cpp" />
		<Unit filename="source/de/hackcraft/app/Activity.h" />
		<Unit filename="source/de/hackcraft/app/Application.cpp" />
		<Unit filename="source/de/hackcraft/app/Application.h" />
		<Unit filename="source/de/hackcraft/game/BatchMission.cpp" />
		<Unit filename="source/de/hackcraft/game/BatchMission.h" />
		<Unit filename="source/de/hackcraft/game/GameConfig.cpp" />
		<Unit filename="source/de/hackcraft/game/GameConfig.h" />
		<Unit filename="source/de/hackcraft/game/GameMain.cpp" />
		<Unit filename="source/de/hackcraft/game/GameMain.h" />
		<Unit filename="source/de/hackcraft/game/GameMission.cpp" />
		<Unit filename="source/de/hackcraft/game/GameMission.h" />
		<Unit filename="source/de/hackcraft/game/OpenMission.cpp" />
		<Unit filename="source/de/hackcraft/game/OpenMission.h" />
		<Unit filename="source/de/hackcraft/game/userkeys.h" />
		<Unit filename="source/de/hackcraft/io/Filesystem.cpp" />
		<Unit filename="source/de/hackcraft/io/Filesystem.h" />
		<Unit filename="source/de/hackcraft/io/MD5Format.h" />
		<Unit filename="source/de/hackcraft/io/Pad.h" />
		<Unit filename="source/de/hackcraft/io/Shaderfile.cpp" />
		<Unit filename="source/de/hackcraft/io/Shaderfile.h" />
		<Unit filename="source/de/hackcraft/io/Texfile.cpp" />
		<Unit filename="source/de/hackcraft/io/Texfile.h" />
		<Unit filename="source/de/hackcraft/lang/OID.h" />
		<Unit filename="source/de/hackcraft/lang/Object.cpp" />
		<Unit filename="source/de/hackcraft/lang/Object.h" />
		<Unit filename="source/de/hackcraft/lang/Runnable.h" />
		<Unit filename="source/de/hackcraft/lang/String.cpp" />
		<Unit filename="source/de/hackcraft/lang/String.h" />
		<Unit filename="source/de/hackcraft/lang/Thread.cpp" />
		<Unit filename="source/de/hackcraft/lang/Thread.h" />
		<Unit filename="source/de/hackcraft/log/Appender.cpp" />
		<Unit filename="source/de/hackcraft/log/Appender.h" />
		<Unit filename="source/de/hackcraft/log/LevelStreamLogger.cpp" />
		<Unit filename="source/de/hackcraft/log/LevelStreamLogger.h" />
		<Unit filename="source/de/hackcraft/log/Logger.cpp" />
		<Unit filename="source/de/hackcraft/log/Logger.h" />
		<Unit filename="source/de/hackcraft/log/LoggerEvent.cpp" />
		<Unit filename="source/de/hackcraft/log/LoggerEvent.h" />
		<Unit filename="source/de/hackcraft/openal/AL.cpp" />
		<Unit filename="source/de/hackcraft/openal/AL.h" />
		<Unit filename="source/de/hackcraft/opengl/GL.cpp" />
		<Unit filename="source/de/hackcraft/opengl/GL.h" />
		<Unit filename="source/de/hackcraft/opengl/GLU.cpp" />
		<Unit filename="source/de/hackcraft/opengl/GLU.h" />
		<Unit filename="source/de/hackcraft/proc/Ambient.cpp" />
		<Unit filename="source/de/hackcraft/proc/Ambient.h" />
		<Unit filename="source/de/hackcraft/proc/Distortion.h" />
		<Unit filename="source/de/hackcraft/proc/Facade.cpp" />
		<Unit filename="source/de/hackcraft/proc/Facade.h" />
		<Unit filename="source/de/hackcraft/proc/Landscape.cpp" />
		<Unit filename="source/de/hackcraft/proc/Landscape.h" />
		<Unit filename="source/de/hackcraft/proc/Noise.h" />
		<Unit filename="source/de/hackcraft/proc/Road.cpp" />
		<Unit filename="source/de/hackcraft/proc/Road.h" />
		<Unit filename="source/de/hackcraft/proc/Solid.cpp" />
		<Unit filename="source/de/hackcraft/proc/Solid.h" />
		<Unit filename="source/de/hackcraft/proc/Surface.cpp" />
		<Unit filename="source/de/hackcraft/proc/Surface.h" />
		<Unit filename="source/de/hackcraft/psi3d/Console.h" />
		<Unit filename="source/de/hackcraft/psi3d/GLF.h" />
		<Unit filename="source/de/hackcraft/psi3d/GLFramebuffer.cpp" />
		<Unit filename="source/de/hackcraft/psi3d/GLFramebuffer.h" />
		<Unit filename="source/de/hackcraft/psi3d/GLS.h" />
		<Unit filename="source/de/hackcraft/psi3d/Particle.h" />
		<Unit filename="source/de/hackcraft/psi3d/Primitive.h" />
		<Unit filename="source/de/hackcraft/psi3d/ctrl.h" />
		<Unit filename="source/de/hackcraft/psi3d/macros.h" />
		<Unit filename="source/de/hackcraft/psi3d/math3d.h" />
		<Unit filename="source/de/hackcraft/util/Binding.h" />
		<Unit filename="source/de/hackcraft/util/GapBuffer.h" />
		<Unit filename="source/de/hackcraft/util/Geomap.h" />
		<Unit filename="source/de/hackcraft/util/HashMap.h" />
		<Unit filename="source/de/hackcraft/util/KDTree.h" />
		<Unit filename="source/de/hackcraft/util/Propmap.cpp" />
		<Unit filename="source/de/hackcraft/util/Propmap.h" />
		<Unit filename="source/de/hackcraft/util/Timing.cpp" />
		<Unit filename="source/de/hackcraft/util/Timing.h" />
		<Unit filename="source/de/hackcraft/util/concurrent/Minion.cpp" />
		<Unit filename="source/de/hackcraft/util/concurrent/Minion.h" />
		<Unit filename="source/de/hackcraft/util/concurrent/Semaphore.cpp" />
		<Unit filename="source/de/hackcraft/util/concurrent/Semaphore.h" />
		<Unit filename="source/de/hackcraft/util/concurrent/Threadpool.cpp" />
		<Unit filename="source/de/hackcraft/util/concurrent/Threadpool.h" />
		<Unit filename="source/de/hackcraft/widget/Border.cpp" />
		<Unit filename="source/de/hackcraft/widget/Border.h" />
		<Unit filename="source/de/hackcraft/widget/Layout.cpp" />
		<Unit filename="source/de/hackcraft/widget/Layout.h" />
		<Unit filename="source/de/hackcraft/widget/Widget.cpp" />
		<Unit filename="source/de/hackcraft/widget/Widget.h" />
		<Unit filename="source/de/hackcraft/world/Component.cpp" />
		<Unit filename="source/de/hackcraft/world/Component.h" />
		<Unit filename="source/de/hackcraft/world/Entity.cpp" />
		<Unit filename="source/de/hackcraft/world/Entity.h" />
		<Unit filename="source/de/hackcraft/world/Subsystem.cpp" />
		<Unit filename="source/de/hackcraft/world/Subsystem.h" />
		<Unit filename="source/de/hackcraft/world/World.cpp" />
		<Unit filename="source/de/hackcraft/world/World.h" />
		<Unit filename="source/de/hackcraft/world/object/cMech.cpp" />
		<Unit filename="source/de/hackcraft/world/object/cMech.h" />
		<Unit filename="source/de/hackcraft/world/sub/background/BackgroundSystem.cpp" />
		<Unit filename="source/de/hackcraft/world/sub/background/BackgroundSystem.h" />
		<Unit filename="source/de/hackcraft/world/sub/camera/CameraSystem.cpp" />
		<Unit filename="source/de/hackcraft/world/sub/camera/CameraSystem.h" />
		<Unit filename="source/de/hackcraft/world/sub/camera/rCamera.cpp" />
		<Unit filename="source/de/hackcraft/world/sub/camera/rCamera.h" />
		<Unit filename="source/de/hackcraft/world/sub/chat/ChatSystem.cpp" />
		<Unit filename="source/de/hackcraft/world/sub/chat/ChatSystem.h" />
		<Unit filename="source/de/hackcraft/world/sub/chat/rChatGroup.cpp" />
		<Unit filename="source/de/hackcraft/world/sub/chat/rChatGroup.h" />
		<Unit filename="source/de/hackcraft/world/sub/chat/rChatMember.cpp" />
		<Unit filename="source/de/hackcraft/world/sub/chat/rChatMember.h" />
		<Unit filename="source/de/hackcraft/world/sub/chat/rChatMessage.cpp" />
		<Unit filename="source/de/hackcraft/world/sub/chat/rChatMessage.h" />
		<Unit filename="source/de/hackcraft/world/sub/cityscape/CityscapeSystem.cpp" />
		<Unit filename="source/de/hackcraft/world/sub/cityscape/CityscapeSystem.h" />
		<Unit filename="source/de/hackcraft/world/sub/cityscape/rBuilding.cpp" />
		<Unit filename="source/de/hackcraft/world/sub/cityscape/rBuilding.h" />
		<Unit filename="source/de/hackcraft/world/sub/cityscape/rPadmap.cpp" />
		<Unit filename="source/de/hackcraft/world/sub/cityscape/rPadmap.h" />
		<Unit filename="source/de/hackcraft/world/sub/cityscape/rTile.cpp" />
		<Unit filename="source/de/hackcraft/world/sub/cityscape/rTile.h" />
		<Unit filename="source/de/hackcraft/world/sub/computer/ComputerSystem.cpp" />
		<Unit filename="source/de/hackcraft/world/sub/computer/ComputerSystem.h" />
		<Unit filename="source/de/hackcraft/world/sub/computer/IComputer.h" />
		<Unit filename="source/de/hackcraft/world/sub/computer/rComcom.cpp" />
		<Unit filename="source/de/hackcraft/world/sub/computer/rComcom.h" />
		<Unit filename="source/de/hackcraft/world/sub/computer/rController.cpp" />
		<Unit filename="source/de/hackcraft/world/sub/computer/rController.h" />
		<Unit filename="source/de/hackcraft/world/sub/computer/rForcom.cpp" />
		<Unit filename="source/de/hackcraft/world/sub/computer/rForcom.h" />
		<Unit filename="source/de/hackcraft/world/sub/computer/rNavcom.cpp" />
		<Unit filename="source/de/hackcraft/world/sub/computer/rNavcom.h" />
		<Unit filename="source/de/hackcraft/world/sub/landscape/LandscapeSystem.cpp" />
		<Unit filename="source/de/hackcraft/world/sub/landscape/LandscapeSystem.h" />
		<Unit filename="source/de/hackcraft/world/sub/landscape/rPlanetmap.cpp" />
		<Unit filename="source/de/hackcraft/world/sub/landscape/rPlanetmap.h" />
		<Unit filename="source/de/hackcraft/world/sub/misc/MiscSystem.cpp" />
		<Unit filename="source/de/hackcraft/world/sub/misc/MiscSystem.h" />
		<Unit filename="source/de/hackcraft/world/sub/misc/rInputsource.cpp" />
		<Unit filename="source/de/hackcraft/world/sub/misc/rInputsource.h" />
		<Unit filename="source/de/hackcraft/world/sub/misc/rLightsource.cpp" />
		<Unit filename="source/de/hackcraft/world/sub/misc/rLightsource.h" />
		<Unit filename="source/de/hackcraft/world/sub/misc/rSoundsource.cpp" />
		<Unit filename="source/de/hackcraft/world/sub/misc/rSoundsource.h" />
		<Unit filename="source/de/hackcraft/world/sub/mobile/MobileSystem.cpp" />
		<Unit filename="source/de/hackcraft/world/sub/mobile/MobileSystem.h" />
		<Unit filename="source/de/hackcraft/world/sub/mobile/rMobile.cpp" />
		<Unit filename="source/de/hackcraft/world/sub/mobile/rMobile.h" />
		<Unit filename="source/de/hackcraft/world/sub/model/IModel.h" />
		<Unit filename="source/de/hackcraft/world/sub/model/ModelSystem.cpp" />
		<Unit filename="source/de/hackcraft/world/sub/model/ModelSystem.h" />
		<Unit filename="source/de/hackcraft/world/sub/model/rBillboard.cpp" />
		<Unit filename="source/de/hackcraft/world/sub/model/rBillboard.h" />
		<Unit filename="source/de/hackcraft/world/sub/model/rRigged.cpp" />
		<Unit filename="source/de/hackcraft/world/sub/model/rRigged.h" />
		<Unit filename="source/de/hackcraft/world/sub/model/rScatter.cpp" />
		<Unit filename="source/de/hackcraft/world/sub/model/rScatter.h" />
		<Unit filename="source/de/hackcraft/world/sub/model/rTree.cpp" />
		<Unit filename="source/de/hackcraft/world/sub/model/rTree.h" />
		<Unit filename="source/de/hackcraft/world/sub/physics/PhysicsSystem.cpp" />
		<Unit filename="source/de/hackcraft/world/sub/physics/PhysicsSystem.h" />
		<Unit filename="source/de/hackcraft/world/sub/physics/rCollider.cpp" />
		<Unit filename="source/de/hackcraft/world/sub/physics/rCollider.h" />
		<Unit filename="source/de/hackcraft/world/sub/physics/rSpringlink.cpp" />
		<Unit filename="source/de/hackcraft/world/sub/physics/rSpringlink.h" />
		<Unit filename="source/de/hackcraft/world/sub/physics/rTraceable.cpp" />
		<Unit filename="source/de/hackcraft/world/sub/physics/rTraceable.h" />
		<Unit filename="source/de/hackcraft/world/sub/trigger/TriggerSystem.cpp" />
		<Unit filename="source/de/hackcraft/world/sub/trigger/TriggerSystem.h" />
		<Unit filename="source/de/hackcraft/world/sub/trigger/rAlert.cpp" />
		<Unit filename="source/de/hackcraft/world/sub/trigger/rAlert.h" />
		<Unit filename="source/de/hackcraft/world/sub/trigger/rTrigger.cpp" />
		<Unit filename="source/de/hackcraft/world/sub/trigger/rTrigger.h" />
		<Unit filename="source/de/hackcraft/world/sub/weapon/WeaponSystem.cpp" />
		<Unit filename="source/de/hackcraft/world/sub/weapon/WeaponSystem.h" />
		<Unit filename="source/de/hackcraft/world/sub/weapon/rTarcom.cpp" />
		<Unit filename="source/de/hackcraft/world/sub/weapon/rTarcom.h" />
		<Unit filename="source/de/hackcraft/world/sub/weapon/rTarget.cpp" />
		<Unit filename="source/de/hackcraft/world/sub/weapon/rTarget.h" />
		<Unit filename="source/de/hackcraft/world/sub/weapon/rWeapon.cpp" />
		<Unit filename="source/de/hackcraft/world/sub/weapon/rWeapon.h" />
		<Unit filename="source/de/hackcraft/world/sub/weapon/rWeaponExplosion.cpp" />
		<Unit filename="source/de/hackcraft/world/sub/weapon/rWeaponExplosion.h" />
		<Unit filename="source/de/hackcraft/world/sub/weapon/rWeaponHoming.cpp" />
		<Unit filename="source/de/hackcraft/world/sub/weapon/rWeaponHoming.h" />
		<Unit filename="source/de/hackcraft/world/sub/weapon/rWeaponMachinegun.cpp" />
		<Unit filename="source/de/hackcraft/world/sub/weapon/rWeaponMachinegun.h" />
		<Unit filename="source/de/hackcraft/world/sub/weapon/rWeaponPlasmagun.cpp" />
		<Unit filename="source/de/hackcraft/world/sub/weapon/rWeaponPlasmagun.h" />
		<Unit filename="source/de/hackcraft/world/sub/weapon/rWeaponRaybeam.cpp" />
		<Unit filename="source/de/hackcraft/world/sub/weapon/rWeaponRaybeam.h" />
		<Unit filename="source/de/hackcraft/world/sub/weapon/rWeaponSparkgun.cpp" />
		<Unit filename="source/de/hackcraft/world/sub/weapon/rWeaponSparkgun.h" />
		<Unit filename="source/de/hackcraft/world/sub/weapon/rWepcom.cpp" />
		<Unit filename="source/de/hackcraft/world/sub/weapon/rWepcom.h" />
		<Extensions>
			<code_completion>
				<search_path add="source" />
			</code_completion>
		</Extensions>
	</Project>
</CodeBlocks_project_file>
